
Microsoft Visual Studio Solution File, Format Version 12.00
# Visual Studio Version 17
VisualStudioVersion = 17.7.34024.191
MinimumVisualStudioVersion = 10.0.40219.1
Project("{FAE04EC0-301F-11D3-BF4B-00C04F79EFBC}") = "lab11", "lab11\lab11.csproj", "{394C3842-DB91-4206-9050-0C9F5A05C6A8}"
EndProject
Global
	GlobalSection(SolutionConfigurationPlatforms) = preSolution
		Debug|Any CPU = Debug|Any CPU
		Release|Any CPU = Release|Any CPU
	EndGlobalSection
	GlobalSection(ProjectConfigurationPlatforms) = postSolution
		{394C3842-DB91-4206-9050-0C9F5A05C6A8}.Debug|Any CPU.ActiveCfg = Debug|Any CPU
		{394C3842-DB91-4206-9050-0C9F5A05C6A8}.Debug|Any CPU.Build.0 = Debug|Any CPU
		{394C3842-DB91-4206-9050-0C9F5A05C6A8}.Release|Any CPU.ActiveCfg = Release|Any CPU
		{394C3842-DB91-4206-9050-0C9F5A05C6A8}.Release|Any CPU.Build.0 = Release|Any CPU
	EndGlobalSection
	GlobalSection(SolutionProperties) = preSolution
		HideSolutionNode = FALSE
	EndGlobalSection
	GlobalSection(ExtensibilityGlobals) = postSolution
		SolutionGuid = {44226169-FA44-4B9A-9254-2BD5E325FB3C}
	EndGlobalSection
EndGlobal
